
Microsoft Visual Studio Solution File, Format Version 12.00
# Visual Studio 15
VisualStudioVersion = 15.0.28307.168
MinimumVisualStudioVersion = 10.0.40219.1
Project("{9A19103F-16F7-4668-BE54-9A1E7A4F7556}") = "Plc.IdentityServer", "Plc.IdentityServer\Plc.IdentityServer.csproj", "{1022FDB6-EF66-4A9D-B283-F3F8825EA9D9}"
EndProject
Project("{2150E333-8FDC-42A3-9474-1A3956D46DE8}") = "LacHdrClients", "LacHdrClients", "{91DA99B2-3C87-4205-8A2E-1244B5C38B48}"
EndProject
Project("{9A19103F-16F7-4668-BE54-9A1E7A4F7556}") = "Plc.LacHdr.Client.Console", "Plc.LacHdr.Client.Console\Plc.LacHdr.Client.Console.csproj", "{8BB44244-1BAD-489D-A067-66A3EA66F381}"
EndProject
Project("{2150E333-8FDC-42A3-9474-1A3956D46DE8}") = "Solution Items", "Solution Items", "{C970A626-3C1C-41D2-AA62-B5C47FB8ECC6}"
	ProjectSection(SolutionItems) = preProject
		PlcClient.rest = PlcClient.rest
	EndProjectSection
EndProject
Project("{9A19103F-16F7-4668-BE54-9A1E7A4F7556}") = "Plc.LacHdr.Api", "Plc.LacHdr.Client.Api\Plc.LacHdr.Api.csproj", "{FF8B57D1-4901-4576-B482-81552F37BEDB}"
EndProject
Global
	GlobalSection(SolutionConfigurationPlatforms) = preSolution
		Debug|Any CPU = Debug|Any CPU
		Release|Any CPU = Release|Any CPU
	EndGlobalSection
	GlobalSection(ProjectConfigurationPlatforms) = postSolution
		{1022FDB6-EF66-4A9D-B283-F3F8825EA9D9}.Debug|Any CPU.ActiveCfg = Debug|Any CPU
		{1022FDB6-EF66-4A9D-B283-F3F8825EA9D9}.Debug|Any CPU.Build.0 = Debug|Any CPU
		{1022FDB6-EF66-4A9D-B283-F3F8825EA9D9}.Release|Any CPU.ActiveCfg = Release|Any CPU
		{1022FDB6-EF66-4A9D-B283-F3F8825EA9D9}.Release|Any CPU.Build.0 = Release|Any CPU
		{8BB44244-1BAD-489D-A067-66A3EA66F381}.Debug|Any CPU.ActiveCfg = Debug|Any CPU
		{8BB44244-1BAD-489D-A067-66A3EA66F381}.Debug|Any CPU.Build.0 = Debug|Any CPU
		{8BB44244-1BAD-489D-A067-66A3EA66F381}.Release|Any CPU.ActiveCfg = Release|Any CPU
		{8BB44244-1BAD-489D-A067-66A3EA66F381}.Release|Any CPU.Build.0 = Release|Any CPU
		{FF8B57D1-4901-4576-B482-81552F37BEDB}.Debug|Any CPU.ActiveCfg = Debug|Any CPU
		{FF8B57D1-4901-4576-B482-81552F37BEDB}.Debug|Any CPU.Build.0 = Debug|Any CPU
		{FF8B57D1-4901-4576-B482-81552F37BEDB}.Release|Any CPU.ActiveCfg = Release|Any CPU
		{FF8B57D1-4901-4576-B482-81552F37BEDB}.Release|Any CPU.Build.0 = Release|Any CPU
	EndGlobalSection
	GlobalSection(SolutionProperties) = preSolution
		HideSolutionNode = FALSE
	EndGlobalSection
	GlobalSection(NestedProjects) = preSolution
		{8BB44244-1BAD-489D-A067-66A3EA66F381} = {91DA99B2-3C87-4205-8A2E-1244B5C38B48}
	EndGlobalSection
	GlobalSection(ExtensibilityGlobals) = postSolution
		SolutionGuid = {AB0F71D5-4281-40FF-B91B-EF6B6F80E332}
	EndGlobalSection
EndGlobal
